
Microsoft Visual Studio Solution File, Format Version 12.00
# Visual Studio Version 16
VisualStudioVersion = 16.0.33801.447
MinimumVisualStudioVersion = 10.0.40219.1
Project("{FAE04EC0-301F-11D3-BF4B-00C04F79EFBC}") = "Project", "Project\Project.csproj", "{D1339990-2A55-4D2B-940A-B47ECB1D181D}"
EndProject
Global
	GlobalSection(SolutionConfigurationPlatforms) = preSolution
		Debug|Any CPU = Debug|Any CPU
		Release|Any CPU = Release|Any CPU
	EndGlobalSection
	GlobalSection(ProjectConfigurationPlatforms) = postSolution
		{D1339990-2A55-4D2B-940A-B47ECB1D181D}.Debug|Any CPU.ActiveCfg = Debug|Any CPU
		{D1339990-2A55-4D2B-940A-B47ECB1D181D}.Debug|Any CPU.Build.0 = Debug|Any CPU
		{D1339990-2A55-4D2B-940A-B47ECB1D181D}.Release|Any CPU.ActiveCfg = Release|Any CPU
		{D1339990-2A55-4D2B-940A-B47ECB1D181D}.Release|Any CPU.Build.0 = Release|Any CPU
	EndGlobalSection
	GlobalSection(SolutionProperties) = preSolution
		HideSolutionNode = FALSE
	EndGlobalSection
	GlobalSection(ExtensibilityGlobals) = postSolution
		SolutionGuid = {C05979E4-46AE-451D-A65D-5E115FD46AEA}
	EndGlobalSection
EndGlobal
